{
  "name": "chariot-development-platform",
  "version": "1.0.0",
  "lockfileVersion": 3,
  "requires": true,
  "packages": {
    "": {
      "name": "chariot-development-platform",
      "version": "1.0.0",
      "hasInstallScript": true,
      "license": "MIT",
      "dependencies": {
        "gray-matter": "^4.0.3"
      },
      "devDependencies": {
        "prettier": "^3.6.2",
        "pyright": "^1.1.390",
        "typescript-language-server": "^4.3.0"
      }
    },
    ".claude": {
      "name": "@chariot/claude-infrastructure",
      "version": "1.0.0",
      "extraneous": true,
      "workspaces": [
        "lib",
        "lib/testing",
        "tools/*",
        "skill-library/lib",
        "skill-library/claude/skill-management/*/scripts",
        "skill-library/claude/agent-management/*/scripts",
        "skill-library/claude/mcp-tools/*/scripts"
      ],
      "dependencies": {
        "@types/js-yaml": "^4.0.9",
        "async-mutex": "^0.5.0",
        "js-yaml": "^4.1.1",
        "ky": "^1.14.2",
        "msw": "^2.12.7"
      },
      "devDependencies": {
        "@types/node": "^20.11.24",
        "@vitest/coverage-v8": "^1.6.1",
        "@vitest/ui": "^1.6.1",
        "tsx": "^4.20.6",
        "typescript": "^5.3.3",
        "vitest": "^1.6.1"
      }
    },
    ".claude/lib": {
      "name": "@chariot/lib",
      "version": "1.0.0",
      "extraneous": true,
      "license": "MIT",
      "devDependencies": {
        "@types/node": "^20.10.0",
        "typescript": "^5.3.3"
      }
    },
    ".claude/lib/testing": {
      "name": "@claude/testing",
      "version": "1.0.0",
      "extraneous": true,
      "dependencies": {
        "zod": "^3.22.4"
      }
    },
    ".claude/skill-library/claude/agent-management/auditing-agents/scripts": {
      "name": "@chariot/auditing-agents",
      "version": "1.0.0",
      "extraneous": true,
      "dependencies": {
        "chalk": "^5.3.0"
      },
      "devDependencies": {
        "@types/node": "^20.10.0",
        "tsx": "^4.7.0",
        "typescript": "^5.3.3"
      }
    },
    ".claude/skill-library/claude/agent-management/fixing-agents/scripts": {
      "name": "@chariot/fixing-agents",
      "version": "1.0.0",
      "extraneous": true,
      "dependencies": {
        "chalk": "^5.3.0",
        "commander": "^11.1.0"
      },
      "devDependencies": {
        "@types/node": "^20.10.0",
        "tsx": "^4.7.0",
        "typescript": "^5.3.3"
      }
    },
    ".claude/skill-library/claude/agent-management/searching-agents/scripts": {
      "name": "@chariot/searching-agents",
      "version": "1.0.0",
      "extraneous": true,
      "dependencies": {
        "chalk": "^5.3.0",
        "commander": "^11.1.0",
        "gray-matter": "^4.0.3",
        "ora": "^8.0.1",
        "zod": "^3.22.4"
      },
      "devDependencies": {
        "@types/node": "^20.10.0",
        "tsx": "^4.7.0",
        "typescript": "^5.3.3"
      }
    },
    ".claude/skill-library/claude/skill-management/formatting-skill-output/scripts": {
      "name": "@chariot/formatting-skill-output",
      "version": "1.0.0",
      "extraneous": true,
      "license": "UNLICENSED",
      "devDependencies": {
        "@types/node": "^20.0.0",
        "tsx": "^4.7.0",
        "typescript": "^5.3.0",
        "vitest": "^1.0.0"
      }
    },
    ".claude/skill-library/lib": {
      "name": "@chariot/skills-lib",
      "version": "1.0.0",
      "extraneous": true
    },
    ".claude/tools/chrome-devtools": {
      "name": "@claude-tools/chrome-devtools",
      "version": "1.0.0",
      "extraneous": true,
      "dependencies": {
        "@modelcontextprotocol/sdk": "^1.22.0",
        "zod": "^3.22.4"
      },
      "devDependencies": {
        "@claude/testing": "*"
      }
    },
    ".claude/tools/config": {
      "name": "@claude-tools/config",
      "version": "1.0.0",
      "extraneous": true,
      "dependencies": {
        "@modelcontextprotocol/sdk": "^1.0.4",
        "zod": "^3.23.8"
      },
      "devDependencies": {
        "@claude/testing": "*"
      }
    },
    ".claude/tools/context7": {
      "name": "@claude-tools/context7",
      "version": "1.0.0",
      "extraneous": true,
      "dependencies": {
        "@modelcontextprotocol/sdk": "^1.0.4",
        "zod": "^3.23.8"
      },
      "devDependencies": {
        "@claude/testing": "*"
      }
    },
    ".claude/tools/currents": {
      "name": "@claude-tools/currents",
      "version": "1.0.0",
      "extraneous": true,
      "dependencies": {
        "@modelcontextprotocol/sdk": "^1.0.4",
        "zod": "^3.23.8"
      },
      "devDependencies": {
        "@claude/testing": "*"
      }
    },
    ".claude/tools/linear": {
      "name": "@claude-tools/linear",
      "version": "1.0.0",
      "extraneous": true,
      "license": "MIT",
      "dependencies": {
        "@modelcontextprotocol/sdk": "^1.0.4",
        "zod": "^3.24.1"
      },
      "devDependencies": {
        "@claude/testing": "*"
      }
    },
    ".claude/tools/praetorian-cli": {
      "name": "@claude-tools/praetorian-cli",
      "version": "1.0.0",
      "extraneous": true,
      "dependencies": {
        "@modelcontextprotocol/sdk": "^1.0.4",
        "zod": "^3.23.8"
      },
      "devDependencies": {
        "@claude/testing": "*"
      }
    },
    "node_modules/esprima": {
      "version": "4.0.1",
      "resolved": "https://registry.npmjs.org/esprima/-/esprima-4.0.1.tgz",
      "integrity": "sha512-eGuFFw7Upda+g4p+QHvnW0RyTX/SVeJBDM/gCtMARO0cLuT2HcEKnTPvhjV6aGeqrCB/sbNop0Kszm0jsaWU4A==",
      "license": "BSD-2-Clause",
      "bin": {
        "esparse": "bin/esparse.js",
        "esvalidate": "bin/esvalidate.js"
      },
      "engines": {
        "node": ">=4"
      }
    },
    "node_modules/extend-shallow": {
      "version": "2.0.1",
      "resolved": "https://registry.npmjs.org/extend-shallow/-/extend-shallow-2.0.1.tgz",
      "integrity": "sha512-zCnTtlxNoAiDc3gqY2aYAWFx7XWWiasuF2K8Me5WbN8otHKTUKBwjPtNpRs/rbUZm7KxWAaNj7P1a/p52GbVug==",
      "license": "MIT",
      "dependencies": {
        "is-extendable": "^0.1.0"
      },
      "engines": {
        "node": ">=0.10.0"
      }
    },
    "node_modules/fsevents": {
      "version": "2.3.3",
      "resolved": "https://registry.npmjs.org/fsevents/-/fsevents-2.3.3.tgz",
      "integrity": "sha512-5xoDfX+fL7faATnagmWPpbFtwh/R77WmMMqqHGS65C3vvB0YHrgF+B1YmZ3441tMj5n63k0212XNoJwzlhffQw==",
      "dev": true,
      "hasInstallScript": true,
      "license": "MIT",
      "optional": true,
      "os": [
        "darwin"
      ],
      "engines": {
        "node": "^8.16.0 || ^10.6.0 || >=11.0.0"
      }
    },
    "node_modules/gray-matter": {
      "version": "4.0.3",
      "resolved": "https://registry.npmjs.org/gray-matter/-/gray-matter-4.0.3.tgz",
      "integrity": "sha512-5v6yZd4JK3eMI3FqqCouswVqwugaA9r4dNZB1wwcmrD02QkV5H0y7XBQW8QwQqEaZY1pM9aqORSORhJRdNK44Q==",
      "license": "MIT",
      "dependencies": {
        "js-yaml": "^3.13.1",
        "kind-of": "^6.0.2",
        "section-matter": "^1.0.0",
        "strip-bom-string": "^1.0.0"
      },
      "engines": {
        "node": ">=6.0"
      }
    },
    "node_modules/is-extendable": {
      "version": "0.1.1",
      "resolved": "https://registry.npmjs.org/is-extendable/-/is-extendable-0.1.1.tgz",
      "integrity": "sha512-5BMULNob1vgFX6EjQw5izWDxrecWK9AM72rugNr0TFldMOi0fj6Jk+zeKIt0xGj4cEfQIJth4w3OKWOJ4f+AFw==",
      "license": "MIT",
      "engines": {
        "node": ">=0.10.0"
      }
    },
    "node_modules/js-yaml": {
      "version": "3.14.2",
      "resolved": "https://registry.npmjs.org/js-yaml/-/js-yaml-3.14.2.tgz",
      "integrity": "sha512-PMSmkqxr106Xa156c2M265Z+FTrPl+oxd/rgOQy2tijQeK5TxQ43psO1ZCwhVOSdnn+RzkzlRz/eY4BgJBYVpg==",
      "license": "MIT",
      "dependencies": {
        "argparse": "^1.0.7",
        "esprima": "^4.0.0"
      },
      "bin": {
        "js-yaml": "bin/js-yaml.js"
      }
    },
    "node_modules/js-yaml/node_modules/argparse": {
      "version": "1.0.10",
      "resolved": "https://registry.npmjs.org/argparse/-/argparse-1.0.10.tgz",
      "integrity": "sha512-o5Roy6tNG4SL/FOkCAN6RzjiakZS25RLYFrcMttJqbdd8BWrnA+fGz57iN5Pb06pvBGvl5gQ0B48dJlslXvoTg==",
      "license": "MIT",
      "dependencies": {
        "sprintf-js": "~1.0.2"
      }
    },
    "node_modules/kind-of": {
      "version": "6.0.3",
      "resolved": "https://registry.npmjs.org/kind-of/-/kind-of-6.0.3.tgz",
      "integrity": "sha512-dcS1ul+9tmeD95T+x28/ehLgd9mENa3LsvDTtzm3vyBEO7RPptvAD+t44WVXaUjTBRcrpFeFlC8WCruUR456hw==",
      "license": "MIT",
      "engines": {
        "node": ">=0.10.0"
      }
    },
    "node_modules/prettier": {
      "version": "3.7.4",
      "resolved": "https://registry.npmjs.org/prettier/-/prettier-3.7.4.tgz",
      "integrity": "sha512-v6UNi1+3hSlVvv8fSaoUbggEM5VErKmmpGA7Pl3HF8V6uKY7rvClBOJlH6yNwQtfTueNkGVpOv/mtWL9L4bgRA==",
      "dev": true,
      "license": "MIT",
      "bin": {
        "prettier": "bin/prettier.cjs"
      },
      "engines": {
        "node": ">=14"
      },
      "funding": {
        "url": "https://github.com/prettier/prettier?sponsor=1"
      }
    },
    "node_modules/pyright": {
      "version": "1.1.408",
      "resolved": "https://registry.npmjs.org/pyright/-/pyright-1.1.408.tgz",
      "integrity": "sha512-N61pxaLLCsPcUuPPHMNIrGoZgGBgrbjBX5UqkaT5UV8NVZdL7ExsO6N3ectv1DzAUsLOzdlyqoYtX76u8eF4YA==",
      "dev": true,
      "license": "MIT",
      "bin": {
        "pyright": "index.js",
        "pyright-langserver": "langserver.index.js"
      },
      "engines": {
        "node": ">=14.0.0"
      },
      "optionalDependencies": {
        "fsevents": "~2.3.3"
      }
    },
    "node_modules/section-matter": {
      "version": "1.0.0",
      "resolved": "https://registry.npmjs.org/section-matter/-/section-matter-1.0.0.tgz",
      "integrity": "sha512-vfD3pmTzGpufjScBh50YHKzEu2lxBWhVEHsNGoEXmCmn2hKGfeNLYMzCJpe8cD7gqX7TJluOVpBkAequ6dgMmA==",
      "license": "MIT",
      "dependencies": {
        "extend-shallow": "^2.0.1",
        "kind-of": "^6.0.0"
      },
      "engines": {
        "node": ">=4"
      }
    },
    "node_modules/sprintf-js": {
      "version": "1.0.3",
      "resolved": "https://registry.npmjs.org/sprintf-js/-/sprintf-js-1.0.3.tgz",
      "integrity": "sha512-D9cPgkvLlV3t3IzL0D0YLvGA9Ahk4PcvVwUbN0dSGr1aP0Nrt4AEnTUbuGvquEC0mA64Gqt1fzirlRs5ibXx8g==",
      "license": "BSD-3-Clause"
    },
    "node_modules/strip-bom-string": {
      "version": "1.0.0",
      "resolved": "https://registry.npmjs.org/strip-bom-string/-/strip-bom-string-1.0.0.tgz",
      "integrity": "sha512-uCC2VHvQRYu+lMh4My/sFNmF2klFymLX1wHJeXnbEJERpV/ZsVuonzerjfrGpIGF7LBVa1O7i9kjiWvJiFck8g==",
      "license": "MIT",
      "engines": {
        "node": ">=0.10.0"
      }
    },
    "node_modules/typescript-language-server": {
      "version": "4.4.1",
      "resolved": "https://registry.npmjs.org/typescript-language-server/-/typescript-language-server-4.4.1.tgz",
      "integrity": "sha512-vEvDw+cjY75afMN2rhx0z8sQtFDAUHoBniksBmB6NUZlDt0rEIwQq01VMiqyXFm9uZwcED2475cmDeXxoDHleg==",
      "dev": true,
      "license": "Apache-2.0",
      "bin": {
        "typescript-language-server": "lib/cli.mjs"
      },
      "engines": {
        "node": ">=18"
      }
    }
  }
}
